
Microsoft Visual Studio Solution File, Format Version 11.00
# Visual Studio 2010
Project("{FAE04EC0-301F-11D3-BF4B-00C04F79EFBC}") = "AnalyticsApi", "AnalyticsApi\AnalyticsApi.csproj", "{FCA9EC50-0470-4993-A68A-FB8AFC07EE9C}"
EndProject
Project("{FAE04EC0-301F-11D3-BF4B-00C04F79EFBC}") = "AnalyticsApi.Test", "AnalyticsApi.Test\AnalyticsApi.Test.csproj", "{2EF90DA4-8A44-4371-BA34-357F3643FE09}"
EndProject
Global
	GlobalSection(SolutionConfigurationPlatforms) = preSolution
		Debug|Any CPU = Debug|Any CPU
		Debug|Mixed Platforms = Debug|Mixed Platforms
		Debug|x86 = Debug|x86
		Release|Any CPU = Release|Any CPU
		Release|Mixed Platforms = Release|Mixed Platforms
		Release|x86 = Release|x86
	EndGlobalSection
	GlobalSection(ProjectConfigurationPlatforms) = postSolution
		{FCA9EC50-0470-4993-A68A-FB8AFC07EE9C}.Debug|Any CPU.ActiveCfg = Debug|Any CPU
		{FCA9EC50-0470-4993-A68A-FB8AFC07EE9C}.Debug|Any CPU.Build.0 = Debug|Any CPU
		{FCA9EC50-0470-4993-A68A-FB8AFC07EE9C}.Debug|Mixed Platforms.ActiveCfg = Debug|Any CPU
		{FCA9EC50-0470-4993-A68A-FB8AFC07EE9C}.Debug|Mixed Platforms.Build.0 = Debug|Any CPU
		{FCA9EC50-0470-4993-A68A-FB8AFC07EE9C}.Debug|x86.ActiveCfg = Debug|Any CPU
		{FCA9EC50-0470-4993-A68A-FB8AFC07EE9C}.Release|Any CPU.ActiveCfg = Release|Any CPU
		{FCA9EC50-0470-4993-A68A-FB8AFC07EE9C}.Release|Any CPU.Build.0 = Release|Any CPU
		{FCA9EC50-0470-4993-A68A-FB8AFC07EE9C}.Release|Mixed Platforms.ActiveCfg = Release|Any CPU
		{FCA9EC50-0470-4993-A68A-FB8AFC07EE9C}.Release|Mixed Platforms.Build.0 = Release|Any CPU
		{FCA9EC50-0470-4993-A68A-FB8AFC07EE9C}.Release|x86.ActiveCfg = Release|Any CPU
		{2EF90DA4-8A44-4371-BA34-357F3643FE09}.Debug|Any CPU.ActiveCfg = Debug|Any CPU
		{2EF90DA4-8A44-4371-BA34-357F3643FE09}.Debug|Any CPU.Build.0 = Debug|Any CPU
		{2EF90DA4-8A44-4371-BA34-357F3643FE09}.Debug|Mixed Platforms.ActiveCfg = Debug|Any CPU
		{2EF90DA4-8A44-4371-BA34-357F3643FE09}.Debug|Mixed Platforms.Build.0 = Debug|Any CPU
		{2EF90DA4-8A44-4371-BA34-357F3643FE09}.Debug|x86.ActiveCfg = Debug|Any CPU
		{2EF90DA4-8A44-4371-BA34-357F3643FE09}.Release|Any CPU.ActiveCfg = Release|Any CPU
		{2EF90DA4-8A44-4371-BA34-357F3643FE09}.Release|Any CPU.Build.0 = Release|Any CPU
		{2EF90DA4-8A44-4371-BA34-357F3643FE09}.Release|Mixed Platforms.ActiveCfg = Release|Any CPU
		{2EF90DA4-8A44-4371-BA34-357F3643FE09}.Release|Mixed Platforms.Build.0 = Release|Any CPU
		{2EF90DA4-8A44-4371-BA34-357F3643FE09}.Release|x86.ActiveCfg = Release|Any CPU
	EndGlobalSection
	GlobalSection(SolutionProperties) = preSolution
		HideSolutionNode = FALSE
	EndGlobalSection
EndGlobal
